# This file was autogenerated by Stack.
# You should not edit this file by hand.
# For more information, please see the documentation at:
#   https://docs.haskellstack.org/en/stable/lock_files

packages:
- completed:
    hackage: refined-0.4.4@sha256:c387bd725ecb18f8ec93b2271b53604f2ed70f7e2fc548dc5f2f1991d4cd9ee0,2776
    pantry-tree:
      size: 788
      sha256: 8e5a9d4797cee5cd94f5791529d1628cf0714c43c442022cbc89cfb76e340111
  original:
    hackage: refined-0.4.4@sha256:c387bd725ecb18f8ec93b2271b53604f2ed70f7e2fc548dc5f2f1991d4cd9ee0,2776
- completed:
    hackage: intero-0.1.40@sha256:341c4559929723045a418f5da3ce448557916b156a32b6fb35f6ade3800321d9,1879
    pantry-tree:
      size: 1131
      sha256: 4ee3552ce0f90c8f909dcc7f947caad90fbdfc01b990b8b6ef62154f465d3d84
  original:
    hackage: intero-0.1.40
snapshots:
- completed:
    size: 499461
    url: https://raw.githubusercontent.com/commercialhaskell/stackage-snapshots/master/lts/13/25.yaml
    sha256: aed98969628e20615e96b06083c933c7e3354ae56b08b75e607a26569225d6c0
  original: lts-13.25
