# This file was autogenerated by Stack.
# You should not edit this file by hand.
# For more information, please see the documentation at:
#   https://docs.haskellstack.org/en/stable/lock_files

packages:
- completed:
    hackage: refined-0.4.4@sha256:c387bd725ecb18f8ec93b2271b53604f2ed70f7e2fc548dc5f2f1991d4cd9ee0,2776
    pantry-tree:
      size: 788
      sha256: 8e5a9d4797cee5cd94f5791529d1628cf0714c43c442022cbc89cfb76e340111
  original:
    hackage: refined-0.4.4@sha256:c387bd725ecb18f8ec93b2271b53604f2ed70f7e2fc548dc5f2f1991d4cd9ee0,2776
- completed:
    hackage: prettyprinter-1.3.0@sha256:83336d853f38e72f9213a3051de11dcb3c948eb09903a34f312e4fef00d79f10,5537
    pantry-tree:
      size: 2105
      sha256: 033fd060e1eea501feffcc385a1704613abed265b593c07d058d0e5e4f88096c
  original:
    hackage: prettyprinter-1.3.0@sha256:83336d853f38e72f9213a3051de11dcb3c948eb09903a34f312e4fef00d79f10,5537
- completed:
    hackage: polysemy-1.2.3.0@sha256:2345b6b76adc8f91fc88251129deff584cebcd07e952dd66aa512c69949df537,6097
    pantry-tree:
      size: 3625
      sha256: 8d327bc0dcb178112b933626a33200e8714712a77eb348271fdfbdd326b03fec
  original:
    hackage: polysemy-1.2.3.0@sha256:2345b6b76adc8f91fc88251129deff584cebcd07e952dd66aa512c69949df537,6097
- completed:
    hackage: polysemy-zoo-0.7.0.0@sha256:e98ba9620128df8f8aea6adec5a0e324103324a2d2368930a2e214a2c334551b,3900
    pantry-tree:
      size: 3049
      sha256: 5cc724e74ed56436891e15ce23b82ce432f9e9f735c5111847988f8854009815
  original:
    hackage: polysemy-zoo-0.7.0.0
- completed:
    hackage: intero-0.1.40@sha256:341c4559929723045a418f5da3ce448557916b156a32b6fb35f6ade3800321d9,1879
    pantry-tree:
      size: 1131
      sha256: 4ee3552ce0f90c8f909dcc7f947caad90fbdfc01b990b8b6ef62154f465d3d84
  original:
    hackage: intero-0.1.40
snapshots:
- completed:
    size: 524996
    url: https://raw.githubusercontent.com/commercialhaskell/stackage-snapshots/master/lts/14/27.yaml
    sha256: 7ea31a280c56bf36ff591a7397cc384d0dff622e7f9e4225b47d8980f019a0f0
  original: lts-14.27
